{
  "name": "data",
  "lockfileVersion": 2,
  "requires": true,
  "packages": {
    "": {
      "devDependencies": {
        "@vladmandic/face-api": "^1.6.8"
      }
    },
    "node_modules/@vladmandic/face-api": {
      "version": "1.6.8",
      "resolved": "https://registry.npmjs.org/@vladmandic/face-api/-/face-api-1.6.8.tgz",
      "integrity": "sha512-LFECkO1CeKTUXoH4BCGbSEq8fnhetx4ZiXG6SGJzQipPj3DHIftpfi8cJvobRV0ETaBeaj7BgIC2/bJTUNN7LQ==",
      "dev": true,
      "engines": {
        "node": ">=14.0.0"
      }
    }
  },
  "dependencies": {
    "@vladmandic/face-api": {
      "version": "1.6.8",
      "resolved": "https://registry.npmjs.org/@vladmandic/face-api/-/face-api-1.6.8.tgz",
      "integrity": "sha512-LFECkO1CeKTUXoH4BCGbSEq8fnhetx4ZiXG6SGJzQipPj3DHIftpfi8cJvobRV0ETaBeaj7BgIC2/bJTUNN7LQ==",
      "dev": true
    }
  }
}
